<?xml version="1.0" encoding="utf-8"?>
<Project ToolsVersion="4.0" xmlns="http://schemas.microsoft.com/developer/msbuild/2003">
  <ItemGroup>
    <Filter Include="Header Files">
      <UniqueIdentifier>{93995380-89BD-4b04-88EB-625FBE52EBFB}</UniqueIdentifier>
      <Extensions>h;hh;hpp;hxx;hm;inl;inc;ipp;xsd</Extensions>
    </Filter>
    <Filter Include="Text Files">
      <UniqueIdentifier>{803885e0-57c8-491e-920e-998782f96227}</UniqueIdentifier>
    </Filter>
    <Filter Include="Excel">
      <UniqueIdentifier>{213815c4-14ce-4ff4-a2ce-93700d462e15}</UniqueIdentifier>
    </Filter>
    <Filter Include="Header Dependencies">
      <UniqueIdentifier>{e3512539-2950-46d5-a683-1085a33f88f6}</UniqueIdentifier>
    </Filter>
    <Filter Include="Source Files">
      <UniqueIdentifier>{4FC737F1-C7A5-4376-A066-2A32D752A2FF}</UniqueIdentifier>
      <Extensions>cpp;c;cc;cxx;def;odl;idl;hpj;bat;asm;asmx</Extensions>
    </Filter>
    <Filter Include="Source Files\main">
      <UniqueIdentifier>{2d3ca321-fb18-415e-814d-81be5786787b}</UniqueIdentifier>
    </Filter>
    <Filter Include="Header Files\main">
      <UniqueIdentifier>{6d05948f-d32c-48ba-a269-2c2cfa6d6273}</UniqueIdentifier>
    </Filter>
    <Filter Include="Source Files\IO">
      <UniqueIdentifier>{9d919321-2500-4475-bfa1-9ee49cf926ef}</UniqueIdentifier>
    </Filter>
    <Filter Include="Header Files\IO">
      <UniqueIdentifier>{3cda60b9-ba3d-4a0b-b790-91ab20de0604}</UniqueIdentifier>
    </Filter>
    <Filter Include="Tests">
      <UniqueIdentifier>{6f7d6537-2e42-4b3f-9a2b-7ebd1a72b2eb}</UniqueIdentifier>
    </Filter>
  </ItemGroup>
  <ItemGroup>
    <ClInclude Include="alg\Density.h">
      <Filter>Header Files</Filter>
    </ClInclude>
    <ClInclude Include="alg\General.h">
      <Filter>Header Files</Filter>
    </ClInclude>
    <ClInclude Include="dependencies\json.hpp">
      <Filter>Header Dependencies</Filter>
    </ClInclude>
    <ClInclude Include="pch.h">
      <Filter>Header Files\main</Filter>
    </ClInclude>
    <ClInclude Include="alg\ReplayAnalysis.h">
      <Filter>Header Files</Filter>
    </ClInclude>
    <ClInclude Include="parsers\OSUParser.h">
      <Filter>Header Files\IO</Filter>
    </ClInclude>
    <ClInclude Include="parsers\OSRJSONParser.h">
      <Filter>Header Files\IO</Filter>
    </ClInclude>
    <ClInclude Include="alg\DPC.h">
      <Filter>Header Files</Filter>
    </ClInclude>
    <ClInclude Include="tests\Tests.h">
      <Filter>Tests</Filter>
    </ClInclude>
  </ItemGroup>
  <ItemGroup>
    <ClCompile Include="alg\Density.cpp">
      <Filter>Source Files</Filter>
    </ClCompile>
    <ClCompile Include="alg\General.cpp">
      <Filter>Source Files</Filter>
    </ClCompile>
    <ClCompile Include="osuAlgorithms.cpp">
      <Filter>Source Files\main</Filter>
    </ClCompile>
    <ClCompile Include="pch.cpp">
      <Filter>Source Files\main</Filter>
    </ClCompile>
    <ClCompile Include="alg\ReplayAnalysis.cpp">
      <Filter>Source Files</Filter>
    </ClCompile>
    <ClCompile Include="parsers\OSRJSONParser.cpp">
      <Filter>Source Files\IO</Filter>
    </ClCompile>
    <ClCompile Include="parsers\OSUParser.cpp">
      <Filter>Source Files\IO</Filter>
    </ClCompile>
    <ClCompile Include="alg\DPC.cpp">
      <Filter>Source Files</Filter>
    </ClCompile>
    <ClCompile Include="tests\Tests.cpp">
      <Filter>Tests</Filter>
    </ClCompile>
  </ItemGroup>
  <ItemGroup>
    <Text Include="map.txt">
      <Filter>Text Files</Filter>
    </Text>
    <Text Include="output.txt">
      <Filter>Text Files</Filter>
    </Text>
    <Text Include="MAPTEMPLATE.txt">
      <Filter>Text Files</Filter>
    </Text>
  </ItemGroup>
  <ItemGroup>
    <None Include="excel\PatternParse.xlsx">
      <Filter>Excel</Filter>
    </None>
  </ItemGroup>
</Project>